
Microsoft Visual Studio Solution File, Format Version 12.00
# Visual Studio Version 17
VisualStudioVersion = 17.7.34031.279
MinimumVisualStudioVersion = 10.0.40219.1
Project("{888888A0-9F3D-457C-B088-3A5042F75D52}") = "PasswordGenerator", "PasswordGenerator\PasswordGenerator.pyproj", "{8B5CDFB8-9111-41F0-80EF-49C044739B5D}"
EndProject
Global
	GlobalSection(SolutionConfigurationPlatforms) = preSolution
		Debug|Any CPU = Debug|Any CPU
		Release|Any CPU = Release|Any CPU
	EndGlobalSection
	GlobalSection(ProjectConfigurationPlatforms) = postSolution
		{8B5CDFB8-9111-41F0-80EF-49C044739B5D}.Debug|Any CPU.ActiveCfg = Debug|Any CPU
		{8B5CDFB8-9111-41F0-80EF-49C044739B5D}.Release|Any CPU.ActiveCfg = Release|Any CPU
	EndGlobalSection
	GlobalSection(SolutionProperties) = preSolution
		HideSolutionNode = FALSE
	EndGlobalSection
	GlobalSection(ExtensibilityGlobals) = postSolution
		SolutionGuid = {59DDED5D-8A01-4431-8415-218A2DB15087}
	EndGlobalSection
EndGlobal
